
Microsoft Visual Studio Solution File, Format Version 12.00
# Visual Studio Version 17
VisualStudioVersion = 17.5.33627.172
MinimumVisualStudioVersion = 10.0.40219.1
Project("{FAE04EC0-301F-11D3-BF4B-00C04F79EFBC}") = "EECEBOT.API", "EECEBOT.API\EECEBOT.API.csproj", "{C788D1C1-E51B-4404-89D6-60BB70F8718D}"
EndProject
Project("{FAE04EC0-301F-11D3-BF4B-00C04F79EFBC}") = "EECEBOT.Application", "EECEBOT.Application\EECEBOT.Application.csproj", "{5C863E38-D196-4106-B0BC-398B17E1C7B4}"
EndProject
Project("{FAE04EC0-301F-11D3-BF4B-00C04F79EFBC}") = "EECEBOT.Contracts", "EECEBOT.Contracts\EECEBOT.Contracts.csproj", "{5F8D7DD2-5CE6-46AC-92B5-80E997DE34D1}"
EndProject
Project("{FAE04EC0-301F-11D3-BF4B-00C04F79EFBC}") = "EECEBOT.Infrastructure", "EECEBOT.Infrastructure\EECEBOT.Infrastructure.csproj", "{982F1979-FB77-46A0-A0F5-6AC255A42A2C}"
EndProject
Project("{FAE04EC0-301F-11D3-BF4B-00C04F79EFBC}") = "EECEBOT.Domain", "EECEBOT.Domain\EECEBOT.Domain.csproj", "{8A91144B-B1FD-4E10-9AB1-429E166D6CEA}"
EndProject
Global
	GlobalSection(SolutionConfigurationPlatforms) = preSolution
		Debug|Any CPU = Debug|Any CPU
		Release|Any CPU = Release|Any CPU
	EndGlobalSection
	GlobalSection(ProjectConfigurationPlatforms) = postSolution
		{C788D1C1-E51B-4404-89D6-60BB70F8718D}.Debug|Any CPU.ActiveCfg = Debug|Any CPU
		{C788D1C1-E51B-4404-89D6-60BB70F8718D}.Debug|Any CPU.Build.0 = Debug|Any CPU
		{C788D1C1-E51B-4404-89D6-60BB70F8718D}.Release|Any CPU.ActiveCfg = Release|Any CPU
		{C788D1C1-E51B-4404-89D6-60BB70F8718D}.Release|Any CPU.Build.0 = Release|Any CPU
		{5C863E38-D196-4106-B0BC-398B17E1C7B4}.Debug|Any CPU.ActiveCfg = Debug|Any CPU
		{5C863E38-D196-4106-B0BC-398B17E1C7B4}.Debug|Any CPU.Build.0 = Debug|Any CPU
		{5C863E38-D196-4106-B0BC-398B17E1C7B4}.Release|Any CPU.ActiveCfg = Release|Any CPU
		{5C863E38-D196-4106-B0BC-398B17E1C7B4}.Release|Any CPU.Build.0 = Release|Any CPU
		{5F8D7DD2-5CE6-46AC-92B5-80E997DE34D1}.Debug|Any CPU.ActiveCfg = Debug|Any CPU
		{5F8D7DD2-5CE6-46AC-92B5-80E997DE34D1}.Debug|Any CPU.Build.0 = Debug|Any CPU
		{5F8D7DD2-5CE6-46AC-92B5-80E997DE34D1}.Release|Any CPU.ActiveCfg = Release|Any CPU
		{5F8D7DD2-5CE6-46AC-92B5-80E997DE34D1}.Release|Any CPU.Build.0 = Release|Any CPU
		{982F1979-FB77-46A0-A0F5-6AC255A42A2C}.Debug|Any CPU.ActiveCfg = Debug|Any CPU
		{982F1979-FB77-46A0-A0F5-6AC255A42A2C}.Debug|Any CPU.Build.0 = Debug|Any CPU
		{982F1979-FB77-46A0-A0F5-6AC255A42A2C}.Release|Any CPU.ActiveCfg = Release|Any CPU
		{982F1979-FB77-46A0-A0F5-6AC255A42A2C}.Release|Any CPU.Build.0 = Release|Any CPU
		{8A91144B-B1FD-4E10-9AB1-429E166D6CEA}.Debug|Any CPU.ActiveCfg = Debug|Any CPU
		{8A91144B-B1FD-4E10-9AB1-429E166D6CEA}.Debug|Any CPU.Build.0 = Debug|Any CPU
		{8A91144B-B1FD-4E10-9AB1-429E166D6CEA}.Release|Any CPU.ActiveCfg = Release|Any CPU
		{8A91144B-B1FD-4E10-9AB1-429E166D6CEA}.Release|Any CPU.Build.0 = Release|Any CPU
	EndGlobalSection
	GlobalSection(SolutionProperties) = preSolution
		HideSolutionNode = FALSE
	EndGlobalSection
	GlobalSection(ExtensibilityGlobals) = postSolution
		SolutionGuid = {D8292B3A-51AC-4DAF-81D9-8BB8E53D9A94}
	EndGlobalSection
EndGlobal
